PODS:
  - ZComponent (0.4.0):
    - ZComponent/Category (= 0.4.0)
    - ZComponent/ZBaseViewController (= 0.4.0)
    - ZComponent/ZMacro (= 0.4.0)
  - ZComponent/Category (0.4.0)
  - ZComponent/ZBaseViewController (0.4.0):
    - ZComponent/ZMacro
  - ZComponent/ZMacro (0.4.0)

DEPENDENCIES:
  - ZComponent (from `../`)

EXTERNAL SOURCES:
  ZComponent:
    :path: ../

SPEC CHECKSUMS:
  ZComponent: 286d7d1e2117313e89e9f90c7430ca0410555540

COCOAPODS: 0.39.0
